
Microsoft Visual Studio Solution File, Format Version 12.00
Project("{FAE04EC0-301F-11D3-BF4B-00C04F79EFBC}") = "ConsoleDb", "ConsoleDb.csproj", "{A875A1D6-DAAB-42AC-BAB2-538CE6EDDC5F}"
EndProject
Global
	GlobalSection(SolutionConfigurationPlatforms) = preSolution
		Debug|Any CPU = Debug|Any CPU
		Release|Any CPU = Release|Any CPU
	EndGlobalSection
	GlobalSection(ProjectConfigurationPlatforms) = postSolution
		{A875A1D6-DAAB-42AC-BAB2-538CE6EDDC5F}.Debug|Any CPU.ActiveCfg = Debug|Any CPU
		{A875A1D6-DAAB-42AC-BAB2-538CE6EDDC5F}.Debug|Any CPU.Build.0 = Debug|Any CPU
		{A875A1D6-DAAB-42AC-BAB2-538CE6EDDC5F}.Release|Any CPU.ActiveCfg = Release|Any CPU
		{A875A1D6-DAAB-42AC-BAB2-538CE6EDDC5F}.Release|Any CPU.Build.0 = Release|Any CPU
	EndGlobalSection
EndGlobal
